
Microsoft Visual Studio Solution File, Format Version 12.00
# Visual Studio Version 16
VisualStudioVersion = 16.0.30204.135
MinimumVisualStudioVersion = 10.0.40219.1
Project("{FAE04EC0-301F-11D3-BF4B-00C04F79EFBC}") = "MvcPhone", "MvcPhone.csproj", "{AA4FD93A-6CB7-4FDA-8FA3-2A88FFFF0043}"
EndProject
Global
	GlobalSection(SolutionConfigurationPlatforms) = preSolution
		Debug|Any CPU = Debug|Any CPU
		Release|Any CPU = Release|Any CPU
	EndGlobalSection
	GlobalSection(ProjectConfigurationPlatforms) = postSolution
		{AA4FD93A-6CB7-4FDA-8FA3-2A88FFFF0043}.Debug|Any CPU.ActiveCfg = Debug|Any CPU
		{AA4FD93A-6CB7-4FDA-8FA3-2A88FFFF0043}.Debug|Any CPU.Build.0 = Debug|Any CPU
		{AA4FD93A-6CB7-4FDA-8FA3-2A88FFFF0043}.Release|Any CPU.ActiveCfg = Release|Any CPU
		{AA4FD93A-6CB7-4FDA-8FA3-2A88FFFF0043}.Release|Any CPU.Build.0 = Release|Any CPU
	EndGlobalSection
	GlobalSection(SolutionProperties) = preSolution
		HideSolutionNode = FALSE
	EndGlobalSection
	GlobalSection(ExtensibilityGlobals) = postSolution
		SolutionGuid = {512ABA72-B449-4999-8DD0-9A4997B253B1}
	EndGlobalSection
EndGlobal
